Microsoft Visual Studio Solution File, Format Version 10.00
# Visual Studio 2008

Project("{0D229DD8-257C-3A7D-8892-F2A41F370802}") = "SoftwareEngProj", "Assembly-CSharp-firstpass-vs.csproj", "{BF581CBB-58D0-FD59-2140-D64042A77952}"
EndProject
Project("{0D229DD8-257C-3A7D-8892-F2A41F370802}") = "SoftwareEngProj", "Assembly-CSharp-vs.csproj", "{59B14561-087B-C244-6299-873873946144}"
EndProject
Global
	GlobalSection(SolutionConfigurationPlatforms) = preSolution
		Debug|Any CPU = Debug|Any CPU
		Release|Any CPU = Release|Any CPU
	EndGlobalSection
	GlobalSection(ProjectConfigurationPlatforms) = postSolution
		{BF581CBB-58D0-FD59-2140-D64042A77952}.Debug|Any CPU.ActiveCfg = Debug|Any CPU
		{BF581CBB-58D0-FD59-2140-D64042A77952}.Debug|Any CPU.Build.0 = Debug|Any CPU
		{BF581CBB-58D0-FD59-2140-D64042A77952}.Release|Any CPU.ActiveCfg = Release|Any CPU
		{BF581CBB-58D0-FD59-2140-D64042A77952}.Release|Any CPU.Build.0 = Release|Any CPU
		{59B14561-087B-C244-6299-873873946144}.Debug|Any CPU.ActiveCfg = Debug|Any CPU
		{59B14561-087B-C244-6299-873873946144}.Debug|Any CPU.Build.0 = Debug|Any CPU
		{59B14561-087B-C244-6299-873873946144}.Release|Any CPU.ActiveCfg = Release|Any CPU
		{59B14561-087B-C244-6299-873873946144}.Release|Any CPU.Build.0 = Release|Any CPU
	EndGlobalSection
	GlobalSection(SolutionProperties) = preSolution
		HideSolutionNode = FALSE
	EndGlobalSection
	
EndGlobal
